
Microsoft Visual Studio Solution File, Format Version 12.00
# Visual Studio 15
VisualStudioVersion = 15.0.27004.2005
MinimumVisualStudioVersion = 10.0.40219.1
Project("{FAE04EC0-301F-11D3-BF4B-00C04F79EFBC}") = "ManhattanDistanceTest", "ManhattanDistance\ManhattanDistanceTest.csproj", "{3EFDCA5B-3813-444C-BA0D-31DCEE762CEB}"
EndProject
Project("{9A19103F-16F7-4668-BE54-9A1E7A4F7556}") = "SpiralGridModell", "SpiralGridModell\SpiralGridModell.csproj", "{5D7393CD-F2AE-4DC6-B1A6-E65B02FF2F16}"
EndProject
Project("{FAE04EC0-301F-11D3-BF4B-00C04F79EFBC}") = "ConsoleApp1", "ConsoleApp1\ConsoleApp1.csproj", "{75EEEE9F-5760-4F9A-A81C-A2376328A1F1}"
EndProject
Global
	GlobalSection(SolutionConfigurationPlatforms) = preSolution
		Debug|Any CPU = Debug|Any CPU
		Release|Any CPU = Release|Any CPU
	EndGlobalSection
	GlobalSection(ProjectConfigurationPlatforms) = postSolution
		{3EFDCA5B-3813-444C-BA0D-31DCEE762CEB}.Debug|Any CPU.ActiveCfg = Debug|Any CPU
		{3EFDCA5B-3813-444C-BA0D-31DCEE762CEB}.Debug|Any CPU.Build.0 = Debug|Any CPU
		{3EFDCA5B-3813-444C-BA0D-31DCEE762CEB}.Release|Any CPU.ActiveCfg = Release|Any CPU
		{3EFDCA5B-3813-444C-BA0D-31DCEE762CEB}.Release|Any CPU.Build.0 = Release|Any CPU
		{5D7393CD-F2AE-4DC6-B1A6-E65B02FF2F16}.Debug|Any CPU.ActiveCfg = Debug|Any CPU
		{5D7393CD-F2AE-4DC6-B1A6-E65B02FF2F16}.Debug|Any CPU.Build.0 = Debug|Any CPU
		{5D7393CD-F2AE-4DC6-B1A6-E65B02FF2F16}.Release|Any CPU.ActiveCfg = Release|Any CPU
		{5D7393CD-F2AE-4DC6-B1A6-E65B02FF2F16}.Release|Any CPU.Build.0 = Release|Any CPU
		{75EEEE9F-5760-4F9A-A81C-A2376328A1F1}.Debug|Any CPU.ActiveCfg = Debug|Any CPU
		{75EEEE9F-5760-4F9A-A81C-A2376328A1F1}.Debug|Any CPU.Build.0 = Debug|Any CPU
		{75EEEE9F-5760-4F9A-A81C-A2376328A1F1}.Release|Any CPU.ActiveCfg = Release|Any CPU
		{75EEEE9F-5760-4F9A-A81C-A2376328A1F1}.Release|Any CPU.Build.0 = Release|Any CPU
	EndGlobalSection
	GlobalSection(SolutionProperties) = preSolution
		HideSolutionNode = FALSE
	EndGlobalSection
	GlobalSection(ExtensibilityGlobals) = postSolution
		SolutionGuid = {EE6DC9F4-0462-4A4A-9B84-2D326135B408}
	EndGlobalSection
EndGlobal
