
Microsoft Visual Studio Solution File, Format Version 12.00
# Visual Studio 15
VisualStudioVersion = 15.0.27004.2005
MinimumVisualStudioVersion = 10.0.40219.1
Project("{FAE04EC0-301F-11D3-BF4B-00C04F79EFBC}") = "CheckSum", "CheckSum\CheckSum.csproj", "{15142698-5CAB-4FAF-B748-3796C4B15BF1}"
EndProject
Project("{FAE04EC0-301F-11D3-BF4B-00C04F79EFBC}") = "ConsoleApp", "ConsoleApp\ConsoleApp.csproj", "{0FAE2B5B-5FF3-4B88-A1D1-8A9D0EF2C96F}"
EndProject
Project("{FAE04EC0-301F-11D3-BF4B-00C04F79EFBC}") = "UnitTestProject1", "UnitTestProject1\UnitTestProject1.csproj", "{9C44E2CE-0C26-46BC-8FC3-2AEA5DE10A32}"
EndProject
Global
	GlobalSection(SolutionConfigurationPlatforms) = preSolution
		Debug|Any CPU = Debug|Any CPU
		Release|Any CPU = Release|Any CPU
	EndGlobalSection
	GlobalSection(ProjectConfigurationPlatforms) = postSolution
		{15142698-5CAB-4FAF-B748-3796C4B15BF1}.Debug|Any CPU.ActiveCfg = Debug|Any CPU
		{15142698-5CAB-4FAF-B748-3796C4B15BF1}.Debug|Any CPU.Build.0 = Debug|Any CPU
		{15142698-5CAB-4FAF-B748-3796C4B15BF1}.Release|Any CPU.ActiveCfg = Release|Any CPU
		{15142698-5CAB-4FAF-B748-3796C4B15BF1}.Release|Any CPU.Build.0 = Release|Any CPU
		{0FAE2B5B-5FF3-4B88-A1D1-8A9D0EF2C96F}.Debug|Any CPU.ActiveCfg = Debug|Any CPU
		{0FAE2B5B-5FF3-4B88-A1D1-8A9D0EF2C96F}.Debug|Any CPU.Build.0 = Debug|Any CPU
		{0FAE2B5B-5FF3-4B88-A1D1-8A9D0EF2C96F}.Release|Any CPU.ActiveCfg = Release|Any CPU
		{0FAE2B5B-5FF3-4B88-A1D1-8A9D0EF2C96F}.Release|Any CPU.Build.0 = Release|Any CPU
		{9C44E2CE-0C26-46BC-8FC3-2AEA5DE10A32}.Debug|Any CPU.ActiveCfg = Debug|Any CPU
		{9C44E2CE-0C26-46BC-8FC3-2AEA5DE10A32}.Debug|Any CPU.Build.0 = Debug|Any CPU
		{9C44E2CE-0C26-46BC-8FC3-2AEA5DE10A32}.Release|Any CPU.ActiveCfg = Release|Any CPU
		{9C44E2CE-0C26-46BC-8FC3-2AEA5DE10A32}.Release|Any CPU.Build.0 = Release|Any CPU
	EndGlobalSection
	GlobalSection(SolutionProperties) = preSolution
		HideSolutionNode = FALSE
	EndGlobalSection
	GlobalSection(ExtensibilityGlobals) = postSolution
		SolutionGuid = {4AFE5BEC-F3F3-4BDE-B4F5-F42B94B9EB9F}
	EndGlobalSection
EndGlobal
